
Microsoft Visual Studio Solution File, Format Version 12.00
# Visual Studio Version 17
VisualStudioVersion = 17.3.32922.545
MinimumVisualStudioVersion = 10.0.40219.1
Project("{FAE04EC0-301F-11D3-BF4B-00C04F79EFBC}") = "Ders02", "Ders02\Ders02.csproj", "{63A9A6C1-0597-4EFC-B439-889F8AB36E0B}"
EndProject
Global
	GlobalSection(SolutionConfigurationPlatforms) = preSolution
		Debug|Any CPU = Debug|Any CPU
		Release|Any CPU = Release|Any CPU
	EndGlobalSection
	GlobalSection(ProjectConfigurationPlatforms) = postSolution
		{63A9A6C1-0597-4EFC-B439-889F8AB36E0B}.Debug|Any CPU.ActiveCfg = Debug|Any CPU
		{63A9A6C1-0597-4EFC-B439-889F8AB36E0B}.Debug|Any CPU.Build.0 = Debug|Any CPU
		{63A9A6C1-0597-4EFC-B439-889F8AB36E0B}.Release|Any CPU.ActiveCfg = Release|Any CPU
		{63A9A6C1-0597-4EFC-B439-889F8AB36E0B}.Release|Any CPU.Build.0 = Release|Any CPU
	EndGlobalSection
	GlobalSection(SolutionProperties) = preSolution
		HideSolutionNode = FALSE
	EndGlobalSection
	GlobalSection(ExtensibilityGlobals) = postSolution
		SolutionGuid = {857F6EA7-5726-4DB9-805A-DF6B29A6C45E}
	EndGlobalSection
EndGlobal
